
Microsoft Visual Studio Solution File, Format Version 12.00
# Visual Studio Version 17
VisualStudioVersion = 17.9.34728.123
MinimumVisualStudioVersion = 10.0.40219.1
Project("{9A19103F-16F7-4668-BE54-9A1E7A4F7556}") = "CloudSalesSystem", "CloudSalesSystem\CloudSalesSystem.csproj", "{FD6D8FFC-0137-4DB4-9672-015D41A37570}"
EndProject
Project("{9A19103F-16F7-4668-BE54-9A1E7A4F7556}") = "CloudSalesSystemTests", "CloudSalesSystemTests\CloudSalesSystemTests.csproj", "{F424B00E-4837-417F-A846-FEE3F713C0E2}"
EndProject
Project("{2150E333-8FDC-42A3-9474-1A3956D46DE8}") = "Solution Items", "Solution Items", "{23790B7E-451C-49FA-8DDB-D1B121EAA5EB}"
	ProjectSection(SolutionItems) = preProject
		.editorconfig = .editorconfig
	EndProjectSection
EndProject
Global
	GlobalSection(SolutionConfigurationPlatforms) = preSolution
		Debug|Any CPU = Debug|Any CPU
		Release|Any CPU = Release|Any CPU
	EndGlobalSection
	GlobalSection(ProjectConfigurationPlatforms) = postSolution
		{FD6D8FFC-0137-4DB4-9672-015D41A37570}.Debug|Any CPU.ActiveCfg = Debug|Any CPU
		{FD6D8FFC-0137-4DB4-9672-015D41A37570}.Debug|Any CPU.Build.0 = Debug|Any CPU
		{FD6D8FFC-0137-4DB4-9672-015D41A37570}.Release|Any CPU.ActiveCfg = Release|Any CPU
		{FD6D8FFC-0137-4DB4-9672-015D41A37570}.Release|Any CPU.Build.0 = Release|Any CPU
		{F424B00E-4837-417F-A846-FEE3F713C0E2}.Debug|Any CPU.ActiveCfg = Debug|Any CPU
		{F424B00E-4837-417F-A846-FEE3F713C0E2}.Debug|Any CPU.Build.0 = Debug|Any CPU
		{F424B00E-4837-417F-A846-FEE3F713C0E2}.Release|Any CPU.ActiveCfg = Release|Any CPU
		{F424B00E-4837-417F-A846-FEE3F713C0E2}.Release|Any CPU.Build.0 = Release|Any CPU
	EndGlobalSection
	GlobalSection(SolutionProperties) = preSolution
		HideSolutionNode = FALSE
	EndGlobalSection
	GlobalSection(ExtensibilityGlobals) = postSolution
		SolutionGuid = {A95BD258-EABB-4BA6-BF89-5020A05D230B}
	EndGlobalSection
EndGlobal
